<?xml version="1.0" encoding="utf-8"?>
<Project ToolsVersion="4.0" xmlns="http://schemas.microsoft.com/developer/msbuild/2003">
  <ItemGroup>
    <Filter Include="Fichiers sources">
      <UniqueIdentifier>{4FC737F1-C7A5-4376-A066-2A32D752A2FF}</UniqueIdentifier>
      <Extensions>cpp;c;cc;cxx;def;odl;idl;hpj;bat;asm;asmx</Extensions>
    </Filter>
    <Filter Include="Fichiers d%27en-tête">
      <UniqueIdentifier>{93995380-89BD-4b04-88EB-625FBE52EBFB}</UniqueIdentifier>
      <Extensions>h;hpp;hxx;hm;inl;inc;xsd</Extensions>
    </Filter>
    <Filter Include="Fichiers de ressources">
      <UniqueIdentifier>{67DA6AB6-F800-4c08-8B7A-83BB121AAD01}</UniqueIdentifier>
      <Extensions>rc;ico;cur;bmp;dlg;rc2;rct;bin;rgs;gif;jpg;jpeg;jpe;resx;tiff;tif;png;wav</Extensions>
    </Filter>
  </ItemGroup>
  <ItemGroup>
    <ClCompile Include="$(Win32ClientDir)\ardrone_tool_win32.c">
      <Filter>Fichiers sources</Filter>
    </ClCompile>
    <ClCompile Include="$(Win32ClientDir)\custom_code.c">
      <Filter>Fichiers sources</Filter>
    </ClCompile>
    <ClCompile Include="$(Win32ClientDir)\UI\directx_rendering.cpp">
      <Filter>Fichiers sources</Filter>
    </ClCompile>
    <ClCompile Include="$(Win32ClientDir)\UI\gamepad.cpp">
      <Filter>Fichiers sources</Filter>
    </ClCompile>
    <ClCompile Include="$(Win32ClientDir)\Navdata\navdata.c">
      <Filter>Fichiers sources</Filter>
    </ClCompile>
    <ClCompile Include="$(Win32ClientDir)\Video\video_stage.c">
      <Filter>Fichiers sources</Filter>
    </ClCompile>
  </ItemGroup>
  <ItemGroup>
    <ClInclude Include="$(Win32ClientDir)\custom_code.h">
      <Filter>Fichiers d%27en-tête</Filter>
    </ClInclude>
    <ClInclude Include="$(Win32ClientDir)\UI\directx_rendering.h">
      <Filter>Fichiers d%27en-tête</Filter>
    </ClInclude>
    <ClInclude Include="$(Win32ClientDir)\UI\gamepad.h">
      <Filter>Fichiers d%27en-tête</Filter>
    </ClInclude>
    <ClInclude Include="$(Win32ClientDir)\Navdata\navdata.h">
      <Filter>Fichiers d%27en-tête</Filter>
    </ClInclude>
    <ClInclude Include="$(Win32ClientDir)\UI\ui.h">
      <Filter>Fichiers d%27en-tête</Filter>
    </ClInclude>
    <ClInclude Include="$(Win32ClientDir)\Video\video_stage.h">
      <Filter>Fichiers d%27en-tête</Filter>
    </ClInclude>
    <ClInclude Include="$(SolutionDir)\win32_custom.h">
      <Filter>Fichiers d%27en-tête</Filter>
    </ClInclude>
  </ItemGroup>
  <ItemGroup>
    <None Include="ARDroneDLL.def">
      <Filter>Fichiers sources</Filter>
    </None>
  </ItemGroup>
</Project>